// !$*UTF8*$!
{
	archiveVersion = 1;
	classes = {
	};
	objectVersion = 46;
	objects = {

/* Begin PBXBuildFile section */
		526805631B267B60001CEFDE /* AppDelegate.swift in Sources */ = {isa = PBXBuildFile; fileRef = 526805621B267B60001CEFDE /* AppDelegate.swift */; };
		526805651B267B60001CEFDE /* ViewController.swift in Sources */ = {isa = PBXBuildFile; fileRef = 526805641B267B60001CEFDE /* ViewController.swift */; };
		526805681B267B60001CEFDE /* Main.storyboard in Resources */ = {isa = PBXBuildFile; fileRef = 526805661B267B60001CEFDE /* Main.storyboard */; };
		5268056A1B267B60001CEFDE /* Images.xcassets in Resources */ = {isa = PBXBuildFile; fileRef = 526805691B267B60001CEFDE /* Images.xcassets */; };
		5268056D1B267B60001CEFDE /* LaunchScreen.xib in Resources */ = {isa = PBXBuildFile; fileRef = 5268056B1B267B60001CEFDE /* LaunchScreen.xib */; };
		526805791B267B60001CEFDE /* StatusTests.swift in Sources */ = {isa = PBXBuildFile; fileRef = 526805781B267B60001CEFDE /* StatusTests.swift */; };
/* End PBXBuildFile section */

/* Begin PBXContainerItemProxy section */
		526805731B267B60001CEFDE /* PBXContainerItemProxy */ = {
			isa = PBXContainerItemProxy;
			containerPortal = 526805551B267B60001CEFDE /* Project object */;
			proxyType = 1;
			remoteGlobalIDString = 5268055C1B267B60001CEFDE;
			remoteInfo = Status;
		};
/* End PBXContainerItemProxy section */

/* Begin PBXFileReference section */
		5268055D1B267B60001CEFDE /* Status.app */ = {isa = PBXFileReference; explicitFileType = wrapper.application; includeInIndex = 0; path = Status.app; sourceTree = BUILT_PRODUCTS_DIR; };
		526805611B267B60001CEFDE /* Info.plist */ = {isa = PBXFileReference; lastKnownFileType = text.plist.xml; path = Info.plist; sourceTree = "<group>"; };
		526805621B267B60001CEFDE /* AppDelegate.swift */ = {isa = PBXFileReference; lastKnownFileType = sourcecode.swift; path = AppDelegate.swift; sourceTree = "<group>"; };
		526805641B267B60001CEFDE /* ViewController.swift */ = {isa = PBXFileReference; lastKnownFileType = sourcecode.swift; path = ViewController.swift; sourceTree = "<group>"; };
		526805671B267B60001CEFDE /* Base */ = {isa = PBXFileReference; lastKnownFileType = file.storyboard; name = Base; path = Base.lproj/Main.storyboard; sourceTree = "<group>"; };
		526805691B267B60001CEFDE /* Images.xcassets */ = {isa = PBXFileReference; lastKnownFileType = folder.assetcatalog; path = Images.xcassets; sourceTree = "<group>"; };
		5268056C1B267B60001CEFDE /* Base */ = {isa = PBXFileReference; lastKnownFileType = file.xib; name = Base; path = Base.lproj/LaunchScreen.xib; sourceTree = "<group>"; };
		526805721B267B60001CEFDE /* StatusTests.xctest */ = {isa = PBXFileReference; explicitFileType = wrapper.cfbundle; includeInIndex = 0; path = StatusTests.xctest; sourceTree = BUILT_PRODUCTS_DIR; };
		526805771B267B60001CEFDE /* Info.plist */ = {isa = PBXFileReference; lastKnownFileType = text.plist.xml; path = Info.plist; sourceTree = "<group>"; };
		526805781B267B60001CEFDE /* StatusTests.swift */ = {isa = PBXFileReference; lastKnownFileType = sourcecode.swift; path = StatusTests.swift; sourceTree = "<group>"; };
/* End PBXFileReference section */

/* Begin PBXFrameworksBuildPhase section */
		5268055A1B267B60001CEFDE /* Frameworks */ = {
			isa = PBXFrameworksBuildPhase;
			buildActionMask = 2147483647;
			files = (
			);
			runOnlyForDeploymentPostprocessing = 0;
		};
		5268056F1B267B60001CEFDE /* Frameworks */ = {
			isa = PBXFrameworksBuildPhase;
			buildActionMask = 2147483647;
			files = (
			);
			runOnlyForDeploymentPostprocessing = 0;
		};
/* End PBXFrameworksBuildPhase section */

/* Begin PBXGroup section */
		526805541B267B60001CEFDE = {
			isa = PBXGroup;
			children = (
				5268055F1B267B60001CEFDE /* Status */,
				526805751B267B60001CEFDE /* StatusTests */,
				5268055E1B267B60001CEFDE /* Products */,
			);
			sourceTree = "<group>";
		};
		5268055E1B267B60001CEFDE /* Products */ = {
			isa = PBXGroup;
			children = (
				5268055D1B267B60001CEFDE /* Status.app */,
				526805721B267B60001CEFDE /* StatusTests.xctest */,
			);
			name = Products;
			sourceTree = "<group>";
		};
		5268055F1B267B60001CEFDE /* Status */ = {
			isa = PBXGroup;
			children = (
				526805621B267B60001CEFDE /* AppDelegate.swift */,
				526805641B267B60001CEFDE /* ViewController.swift */,
				526805661B267B60001CEFDE /* Main.storyboard */,
				526805691B267B60001CEFDE /* Images.xcassets */,
				5268056B1B267B60001CEFDE /* LaunchScreen.xib */,
				526805601B267B60001CEFDE /* Supporting Files */,
			);
			path = Status;
			sourceTree = "<group>";
		};
		526805601B267B60001CEFDE /* Supporting Files */ = {
			isa = PBXGroup;
			children = (
				526805611B267B60001CEFDE /* Info.plist */,
			);
			name = "Supporting Files";
			sourceTree = "<group>";
		};
		526805751B267B60001CEFDE /* StatusTests */ = {
			isa = PBXGroup;
			children = (
				526805781B267B60001CEFDE /* StatusTests.swift */,
				526805761B267B60001CEFDE /* Supporting Files */,
			);
			path = StatusTests;
			sourceTree = "<group>";
		};
		526805761B267B60001CEFDE /* Supporting Files */ = {
			isa = PBXGroup;
			children = (
				526805771B267B60001CEFDE /* Info.plist */,
			);
			name = "Supporting Files";
			sourceTree = "<group>";
		};
/* End PBXGroup section */

/* Begin PBXNativeTarget section */
		5268055C1B267B60001CEFDE /* Status */ = {
			isa = PBXNativeTarget;
			buildConfigurationList = 5268057C1B267B60001CEFDE /* Build configuration list for PBXNativeTarget "Status" */;
			buildPhases = (
				526805591B267B60001CEFDE /* Sources */,
				5268055A1B267B60001CEFDE /* Frameworks */,
				5268055B1B267B60001CEFDE /* Resources */,
			);
			buildRules = (
			);
			dependencies = (
			);
			name = Status;
			productName = Status;
			productReference = 5268055D1B267B60001CEFDE /* Status.app */;
			productType = "com.apple.product-type.application";
		};
		526805711B267B60001CEFDE /* StatusTests */ = {
			isa = PBXNativeTarget;
			buildConfigurationList = 5268057F1B267B60001CEFDE /* Build configuration list for PBXNativeTarget "StatusTests" */;
			buildPhases = (
				5268056E1B267B60001CEFDE /* Sources */,
				5268056F1B267B60001CEFDE /* Frameworks */,
				526805701B267B60001CEFDE /* Resources */,
			);
			buildRules = (
			);
			dependencies = (
				526805741B267B60001CEFDE /* PBXTargetDependency */,
			);
			name = StatusTests;
			productName = StatusTests;
			productReference = 526805721B267B60001CEFDE /* StatusTests.xctest */;
			productType = "com.apple.product-type.bundle.unit-test";
		};
/* End PBXNativeTarget section */

/* Begin PBXProject section */
		526805551B267B60001CEFDE /* Project object */ = {
			isa = PBXProject;
			attributes = {
				LastUpgradeCheck = 0630;
				ORGANIZATIONNAME = "Eric Persha";
				TargetAttributes = {
					5268055C1B267B60001CEFDE = {
						CreatedOnToolsVersion = 6.3.1;
					};
					526805711B267B60001CEFDE = {
						CreatedOnToolsVersion = 6.3.1;
						TestTargetID = 5268055C1B267B60001CEFDE;
					};
				};
			};
			buildConfigurationList = 526805581B267B60001CEFDE /* Build configuration list for PBXProject "Status" */;
			compatibilityVersion = "Xcode 3.2";
			developmentRegion = English;
			hasScannedForEncodings = 0;
			knownRegions = (
				en,
				Base,
			);
			mainGroup = 526805541B267B60001CEFDE;
			productRefGroup = 5268055E1B267B60001CEFDE /* Products */;
			projectDirPath = "";
			projectRoot = "";
			targets = (
				5268055C1B267B60001CEFDE /* Status */,
				526805711B267B60001CEFDE /* StatusTests */,
			);
		};
/* End PBXProject section */

/* Begin PBXResourcesBuildPhase section */
		5268055B1B267B60001CEFDE /* Resources */ = {
			isa = PBXResourcesBuildPhase;
			buildActionMask = 2147483647;
			files = (
				526805681B267B60001CEFDE /* Main.storyboard in Resources */,
				5268056D1B267B60001CEFDE /* LaunchScreen.xib in Resources */,
				5268056A1B267B60001CEFDE /* Images.xcassets in Resources */,
			);
			runOnlyForDeploymentPostprocessing = 0;
		};
		526805701B267B60001CEFDE /* Resources */ = {
			isa = PBXResourcesBuildPhase;
			buildActionMask = 2147483647;
			files = (
			);
			runOnlyForDeploymentPostprocessing = 0;
		};
/* End PBXResourcesBuildPhase section */

/* Begin PBXSourcesBuildPhase section */
		526805591B267B60001CEFDE /* Sources */ = {
			isa = PBXSourcesBuildPhase;
			buildActionMask = 2147483647;
			files = (
				526805651B267B60001CEFDE /* ViewController.swift in Sources */,
				526805631B267B60001CEFDE /* AppDelegate.swift in Sources */,
			);
			runOnlyForDeploymentPostprocessing = 0;
		};
		5268056E1B267B60001CEFDE /* Sources */ = {
			isa = PBXSourcesBuildPhase;
			buildActionMask = 2147483647;
			files = (
				526805791B267B60001CEFDE /* StatusTests.swift in Sources */,
			);
			runOnlyForDeploymentPostprocessing = 0;
		};
/* End PBXSourcesBuildPhase section */

/* Begin PBXTargetDependency section */
		526805741B267B60001CEFDE /* PBXTargetDependency */ = {
			isa = PBXTargetDependency;
			target = 5268055C1B267B60001CEFDE /* Status */;
			targetProxy = 526805731B267B60001CEFDE /* PBXContainerItemProxy */;
		};
/* End PBXTargetDependency section */

/* Begin PBXVariantGroup section */
		526805661B267B60001CEFDE /* Main.storyboard */ = {
			isa = PBXVariantGroup;
			children = (
				526805671B267B60001CEFDE /* Base */,
			);
			name = Main.storyboard;
			sourceTree = "<group>";
		};
		5268056B1B267B60001CEFDE /* LaunchScreen.xib */ = {
			isa = PBXVariantGroup;
			children = (
				5268056C1B267B60001CEFDE /* Base */,
			);
			name = LaunchScreen.xib;
			sourceTree = "<group>";
		};
/* End PBXVariantGroup section */

/* Begin XCBuildConfiguration section */
		5268057A1B267B60001CEFDE /* Debug */ = {
			isa = XCBuildConfiguration;
			buildSettings = {
				ALWAYS_SEARCH_USER_PATHS = NO;
				CLANG_CXX_LANGUAGE_STANDARD = "gnu++0x";
				CLANG_CXX_LIBRARY = "libc++";
				CLANG_ENABLE_MODULES = YES;
				CLANG_ENABLE_OBJC_ARC = YES;
				CLANG_WARN_BOOL_CONVERSION = YES;
				CLANG_WARN_CONSTANT_CONVERSION = YES;
				CLANG_WARN_DIRECT_OBJC_ISA_USAGE = YES_ERROR;
				CLANG_WARN_EMPTY_BODY = YES;
				CLANG_WARN_ENUM_CONVERSION = YES;
				CLANG_WARN_INT_CONVERSION = YES;
				CLANG_WARN_OBJC_ROOT_CLASS = YES_ERROR;
				CLANG_WARN_UNREACHABLE_CODE = YES;
				CLANG_WARN__DUPLICATE_METHOD_MATCH = YES;
				"CODE_SIGN_IDENTITY[sdk=iphoneos*]" = "iPhone Developer";
				COPY_PHASE_STRIP = NO;
				DEBUG_INFORMATION_FORMAT = "dwarf-with-dsym";
				ENABLE_STRICT_OBJC_MSGSEND = YES;
				GCC_C_LANGUAGE_STANDARD = gnu99;
				GCC_DYNAMIC_NO_PIC = NO;
				GCC_NO_COMMON_BLOCKS = YES;
				GCC_OPTIMIZATION_LEVEL = 0;
				GCC_PREPROCESSOR_DEFINITIONS = (
					"DEBUG=1",
					"$(inherited)",
				);
				GCC_SYMBOLS_PRIVATE_EXTERN = NO;
				GCC_WARN_64_TO_32_BIT_CONVERSION = YES;
				GCC_WARN_ABOUT_RETURN_TYPE = YES_ERROR;
				GCC_WARN_UNDECLARED_SELECTOR = YES;
				GCC_WARN_UNINITIALIZED_AUTOS = YES_AGGRESSIVE;
				GCC_WARN_UNUSED_FUNCTION = YES;
				GCC_WARN_UNUSED_VARIABLE = YES;
				IPHONEOS_DEPLOYMENT_TARGET = 8.3;
				MTL_ENABLE_DEBUG_INFO = YES;
				ONLY_ACTIVE_ARCH = YES;
				SDKROOT = iphoneos;
				SWIFT_OPTIMIZATION_LEVEL = "-Onone";
				TARGETED_DEVICE_FAMILY = "1,2";
			};
			name = Debug;
		};
		5268057B1B267B60001CEFDE /* Release */ = {
			isa = XCBuildConfiguration;
			buildSettings = {
				ALWAYS_SEARCH_USER_PATHS = NO;
				CLANG_CXX_LANGUAGE_STANDARD = "gnu++0x";
				CLANG_CXX_LIBRARY = "libc++";
				CLANG_ENABLE_MODULES = YES;
				CLANG_ENABLE_OBJC_ARC = YES;
				CLANG_WARN_BOOL_CONVERSION = YES;
				CLANG_WARN_CONSTANT_CONVERSION = YES;
				CLANG_WARN_DIRECT_OBJC_ISA_USAGE = YES_ERROR;
				CLANG_WARN_EMPTY_BODY = YES;
				CLANG_WARN_ENUM_CONVERSION = YES;
				CLANG_WARN_INT_CONVERSION = YES;
				CLANG_WARN_OBJC_ROOT_CLASS = YES_ERROR;
				CLANG_WARN_UNREACHABLE_CODE = YES;
				CLANG_WARN__DUPLICATE_METHOD_MATCH = YES;
				"CODE_SIGN_IDENTITY[sdk=iphoneos*]" = "iPhone Developer";
				COPY_PHASE_STRIP = NO;
				DEBUG_INFORMATION_FORMAT = "dwarf-with-dsym";
				ENABLE_NS_ASSERTIONS = NO;
				ENABLE_STRICT_OBJC_MSGSEND = YES;
				GCC_C_LANGUAGE_STANDARD = gnu99;
				GCC_NO_COMMON_BLOCKS = YES;
				GCC_WARN_64_TO_32_BIT_CONVERSION = YES;
				GCC_WARN_ABOUT_RETURN_TYPE = YES_ERROR;
				GCC_WARN_UNDECLARED_SELECTOR = YES;
				GCC_WARN_UNINITIALIZED_AUTOS = YES_AGGRESSIVE;
				GCC_WARN_UNUSED_FUNCTION = YES;
				GCC_WARN_UNUSED_VARIABLE = YES;
				IPHONEOS_DEPLOYMENT_TARGET = 8.3;
				MTL_ENABLE_DEBUG_INFO = NO;
				SDKROOT = iphoneos;
				TARGETED_DEVICE_FAMILY = "1,2";
				VALIDATE_PRODUCT = YES;
			};
			name = Release;
		};
		5268057D1B267B60001CEFDE /* Debug */ = {
			isa = XCBuildConfiguration;
			buildSettings = {
				ASSETCATALOG_COMPILER_APPICON_NAME = AppIcon;
				INFOPLIST_FILE = Status/Info.plist;
				LD_RUNPATH_SEARCH_PATHS = "$(inherited) @executable_path/Frameworks";
				PRODUCT_NAME = "$(TARGET_NAME)";
			};
			name = Debug;
		};
		5268057E1B267B60001CEFDE /* Release */ = {
			isa = XCBuildConfiguration;
			buildSettings = {
				ASSETCATALOG_COMPILER_APPICON_NAME = AppIcon;
				INFOPLIST_FILE = Status/Info.plist;
				LD_RUNPATH_SEARCH_PATHS = "$(inherited) @executable_path/Frameworks";
				PRODUCT_NAME = "$(TARGET_NAME)";
			};
			name = Release;
		};
		526805801B267B60001CEFDE /* Debug */ = {
			isa = XCBuildConfiguration;
			buildSettings = {
				BUNDLE_LOADER = "$(TEST_HOST)";
				FRAMEWORK_SEARCH_PATHS = (
					"$(SDKROOT)/Developer/Library/Frameworks",
					"$(inherited)",
				);
				GCC_PREPROCESSOR_DEFINITIONS = (
					"DEBUG=1",
					"$(inherited)",
				);
				INFOPLIST_FILE = StatusTests/Info.plist;
				LD_RUNPATH_SEARCH_PATHS = "$(inherited) @executable_path/Frameworks @loader_path/Frameworks";
				PRODUCT_NAME = "$(TARGET_NAME)";
				TEST_HOST = "$(BUILT_PRODUCTS_DIR)/Status.app/Status";
			};
			name = Debug;
		};
		526805811B267B60001CEFDE /* Release */ = {
			isa = XCBuildConfiguration;
			buildSettings = {
				BUNDLE_LOADER = "$(TEST_HOST)";
				FRAMEWORK_SEARCH_PATHS = (
					"$(SDKROOT)/Developer/Library/Frameworks",
					"$(inherited)",
				);
				INFOPLIST_FILE = StatusTests/Info.plist;
				LD_RUNPATH_SEARCH_PATHS = "$(inherited) @executable_path/Frameworks @loader_path/Frameworks";
				PRODUCT_NAME = "$(TARGET_NAME)";
				TEST_HOST = "$(BUILT_PRODUCTS_DIR)/Status.app/Status";
			};
			name = Release;
		};
/* End XCBuildConfiguration section */

/* Begin XCConfigurationList section */
		526805581B267B60001CEFDE /* Build configuration list for PBXProject "Status" */ = {
			isa = XCConfigurationList;
			buildConfigurations = (
				5268057A1B267B60001CEFDE /* Debug */,
				5268057B1B267B60001CEFDE /* Release */,
			);
			defaultConfigurationIsVisible = 0;
			defaultConfigurationName = Release;
		};
		5268057C1B267B60001CEFDE /* Build configuration list for PBXNativeTarget "Status" */ = {
			isa = XCConfigurationList;
			buildConfigurations = (
				5268057D1B267B60001CEFDE /* Debug */,
				5268057E1B267B60001CEFDE /* Release */,
			);
			defaultConfigurationIsVisible = 0;
		};
		5268057F1B267B60001CEFDE /* Build configuration list for PBXNativeTarget "StatusTests" */ = {
			isa = XCConfigurationList;
			buildConfigurations = (
				526805801B267B60001CEFDE /* Debug */,
				526805811B267B60001CEFDE /* Release */,
			);
			defaultConfigurationIsVisible = 0;
		};
/* End XCConfigurationList section */
	};
	rootObject = 526805551B267B60001CEFDE /* Project object */;
}
